
Microsoft Visual Studio Solution File, Format Version 12.00
# Visual Studio Version 17
VisualStudioVersion = 17.1.32328.378
MinimumVisualStudioVersion = 10.0.40219.1
Project("{9A19103F-16F7-4668-BE54-9A1E7A4F7556}") = "MyCarSale", "MyCarSale\MyCarSale.csproj", "{F5A2B13E-769E-4FA1-9E06-9456C6DAAAA2}"
EndProject
Global
	GlobalSection(SolutionConfigurationPlatforms) = preSolution
		Debug|Any CPU = Debug|Any CPU
		Release|Any CPU = Release|Any CPU
	EndGlobalSection
	GlobalSection(ProjectConfigurationPlatforms) = postSolution
		{F5A2B13E-769E-4FA1-9E06-9456C6DAAAA2}.Debug|Any CPU.ActiveCfg = Debug|Any CPU
		{F5A2B13E-769E-4FA1-9E06-9456C6DAAAA2}.Debug|Any CPU.Build.0 = Debug|Any CPU
		{F5A2B13E-769E-4FA1-9E06-9456C6DAAAA2}.Release|Any CPU.ActiveCfg = Release|Any CPU
		{F5A2B13E-769E-4FA1-9E06-9456C6DAAAA2}.Release|Any CPU.Build.0 = Release|Any CPU
	EndGlobalSection
	GlobalSection(SolutionProperties) = preSolution
		HideSolutionNode = FALSE
	EndGlobalSection
	GlobalSection(ExtensibilityGlobals) = postSolution
		SolutionGuid = {ADF8C846-D8EE-468B-9879-FEAAE50949F0}
	EndGlobalSection
EndGlobal
